// !$*UTF8*$!
{
	archiveVersion = 1;
	classes = {
	};
	objectVersion = 77;
	objects = {

/* Begin PBXBuildFile section */
		53F435662DB9693A006D9403 /* LinkKit in Frameworks */ = {isa = PBXBuildFile; productRef = 53F435652DB9693A006D9403 /* LinkKit */; };
/* End PBXBuildFile section */

/* Begin PBXContainerItemProxy section */
		53BC6C792DA19E530074FBE7 /* PBXContainerItemProxy */ = {
			isa = PBXContainerItemProxy;
			containerPortal = 53BC6C602DA19E4E0074FBE7 /* Project object */;
			proxyType = 1;
			remoteGlobalIDString = 53BC6C672DA19E4E0074FBE7;
			remoteInfo = Group4Project;
		};
		53BC6C832DA19E530074FBE7 /* PBXContainerItemProxy */ = {
			isa = PBXContainerItemProxy;
			containerPortal = 53BC6C602DA19E4E0074FBE7 /* Project object */;
			proxyType = 1;
			remoteGlobalIDString = 53BC6C672DA19E4E0074FBE7;
			remoteInfo = Group4Project;
		};
/* End PBXContainerItemProxy section */

/* Begin PBXFileReference section */
		53BC6C682DA19E4E0074FBE7 /* Group4Project.app */ = {isa = PBXFileReference; explicitFileType = wrapper.application; includeInIndex = 0; path = Group4Project.app; sourceTree = BUILT_PRODUCTS_DIR; };
		53BC6C782DA19E530074FBE7 /* Group4ProjectTests.xctest */ = {isa = PBXFileReference; explicitFileType = wrapper.cfbundle; includeInIndex = 0; path = Group4ProjectTests.xctest; sourceTree = BUILT_PRODUCTS_DIR; };
		53BC6C822DA19E530074FBE7 /* Group4ProjectUITests.xctest */ = {isa = PBXFileReference; explicitFileType = wrapper.cfbundle; includeInIndex = 0; path = Group4ProjectUITests.xctest; sourceTree = BUILT_PRODUCTS_DIR; };
/* End PBXFileReference section */

/* Begin PBXFileSystemSynchronizedRootGroup section */
		53BC6C6A2DA19E4E0074FBE7 /* Group4Project */ = {
			isa = PBXFileSystemSynchronizedRootGroup;
			path = Group4Project;
			sourceTree = "<group>";
		};
		53BC6C7B2DA19E530074FBE7 /* Group4ProjectTests */ = {
			isa = PBXFileSystemSynchronizedRootGroup;
			path = Group4ProjectTests;
			sourceTree = "<group>";
		};
		53BC6C852DA19E530074FBE7 /* Group4ProjectUITests */ = {
			isa = PBXFileSystemSynchronizedRootGroup;
			path = Group4ProjectUITests;
			sourceTree = "<group>";
		};
/* End PBXFileSystemSynchronizedRootGroup section */

/* Begin PBXFrameworksBuildPhase section */
		53BC6C652DA19E4E0074FBE7 /* Frameworks */ = {
			isa = PBXFrameworksBuildPhase;
			buildActionMask = 2147483647;
			files = (
				53F435662DB9693A006D9403 /* LinkKit in Frameworks */,
			);
			runOnlyForDeploymentPostprocessing = 0;
		};
		53BC6C752DA19E530074FBE7 /* Frameworks */ = {
			isa = PBXFrameworksBuildPhase;
			buildActionMask = 2147483647;
			files = (
			);
			runOnlyForDeploymentPostprocessing = 0;
		};
		53BC6C7F2DA19E530074FBE7 /* Frameworks */ = {
			isa = PBXFrameworksBuildPhase;
			buildActionMask = 2147483647;
			files = (
			);
			runOnlyForDeploymentPostprocessing = 0;
		};
/* End PBXFrameworksBuildPhase section */

/* Begin PBXGroup section */
		53BC6C5F2DA19E4E0074FBE7 = {
			isa = PBXGroup;
			children = (
				53BC6C6A2DA19E4E0074FBE7 /* Group4Project */,
				53BC6C7B2DA19E530074FBE7 /* Group4ProjectTests */,
				53BC6C852DA19E530074FBE7 /* Group4ProjectUITests */,
				53BC6C692DA19E4E0074FBE7 /* Products */,
			);
			sourceTree = "<group>";
		};
		53BC6C692DA19E4E0074FBE7 /* Products */ = {
			isa = PBXGroup;
			children = (
				53BC6C682DA19E4E0074FBE7 /* Group4Project.app */,
				53BC6C782DA19E530074FBE7 /* Group4ProjectTests.xctest */,
				53BC6C822DA19E530074FBE7 /* Group4ProjectUITests.xctest */,
			);
			name = Products;
			sourceTree = "<group>";
		};
/* End PBXGroup section */

/* Begin PBXNativeTarget section */
		53BC6C672DA19E4E0074FBE7 /* Group4Project */ = {
			isa = PBXNativeTarget;
			buildConfigurationList = 53BC6C8C2DA19E530074FBE7 /* Build configuration list for PBXNativeTarget "Group4Project" */;
			buildPhases = (
				53BC6C642DA19E4E0074FBE7 /* Sources */,
				53BC6C652DA19E4E0074FBE7 /* Frameworks */,
				53BC6C662DA19E4E0074FBE7 /* Resources */,
			);
			buildRules = (
			);
			dependencies = (
			);
			fileSystemSynchronizedGroups = (
				53BC6C6A2DA19E4E0074FBE7 /* Group4Project */,
			);
			name = Group4Project;
			packageProductDependencies = (
				53F435652DB9693A006D9403 /* LinkKit */,
			);
			productName = Group4Project;
			productReference = 53BC6C682DA19E4E0074FBE7 /* Group4Project.app */;
			productType = "com.apple.product-type.application";
		};
		53BC6C772DA19E530074FBE7 /* Group4ProjectTests */ = {
			isa = PBXNativeTarget;
			buildConfigurationList = 53BC6C8F2DA19E530074FBE7 /* Build configuration list for PBXNativeTarget "Group4ProjectTests" */;
			buildPhases = (
				53BC6C742DA19E530074FBE7 /* Sources */,
				53BC6C752DA19E530074FBE7 /* Frameworks */,
				53BC6C762DA19E530074FBE7 /* Resources */,
			);
			buildRules = (
			);
			dependencies = (
				53BC6C7A2DA19E530074FBE7 /* PBXTargetDependency */,
			);
			fileSystemSynchronizedGroups = (
				53BC6C7B2DA19E530074FBE7 /* Group4ProjectTests */,
			);
			name = Group4ProjectTests;
			packageProductDependencies = (
			);
			productName = Group4ProjectTests;
			productReference = 53BC6C782DA19E530074FBE7 /* Group4ProjectTests.xctest */;
			productType = "com.apple.product-type.bundle.unit-test";
		};
		53BC6C812DA19E530074FBE7 /* Group4ProjectUITests */ = {
			isa = PBXNativeTarget;
			buildConfigurationList = 53BC6C922DA19E530074FBE7 /* Build configuration list for PBXNativeTarget "Group4ProjectUITests" */;
			buildPhases = (
				53BC6C7E2DA19E530074FBE7 /* Sources */,
				53BC6C7F2DA19E530074FBE7 /* Frameworks */,
				53BC6C802DA19E530074FBE7 /* Resources */,
			);
			buildRules = (
			);
			dependencies = (
				53BC6C842DA19E530074FBE7 /* PBXTargetDependency */,
			);
			fileSystemSynchronizedGroups = (
				53BC6C852DA19E530074FBE7 /* Group4ProjectUITests */,
			);
			name = Group4ProjectUITests;
			packageProductDependencies = (
			);
			productName = Group4ProjectUITests;
			productReference = 53BC6C822DA19E530074FBE7 /* Group4ProjectUITests.xctest */;
			productType = "com.apple.product-type.bundle.ui-testing";
		};
/* End PBXNativeTarget section */

/* Begin PBXProject section */
		53BC6C602DA19E4E0074FBE7 /* Project object */ = {
			isa = PBXProject;
			attributes = {
				BuildIndependentTargetsInParallel = 1;
				LastSwiftUpdateCheck = 1620;
				LastUpgradeCheck = 1620;
				TargetAttributes = {
					53BC6C672DA19E4E0074FBE7 = {
						CreatedOnToolsVersion = 16.2;
					};
					53BC6C772DA19E530074FBE7 = {
						CreatedOnToolsVersion = 16.2;
						TestTargetID = 53BC6C672DA19E4E0074FBE7;
					};
					53BC6C812DA19E530074FBE7 = {
						CreatedOnToolsVersion = 16.2;
						TestTargetID = 53BC6C672DA19E4E0074FBE7;
					};
				};
			};
			buildConfigurationList = 53BC6C632DA19E4E0074FBE7 /* Build configuration list for PBXProject "Group4Project" */;
			developmentRegion = en;
			hasScannedForEncodings = 0;
			knownRegions = (
				en,
				Base,
			);
			mainGroup = 53BC6C5F2DA19E4E0074FBE7;
			minimizedProjectReferenceProxies = 1;
			packageReferences = (
				53F435642DB9693A006D9403 /* XCRemoteSwiftPackageReference "plaid-link-ios-spm" */,
			);
			preferredProjectObjectVersion = 77;
			productRefGroup = 53BC6C692DA19E4E0074FBE7 /* Products */;
			projectDirPath = "";
			projectRoot = "";
			targets = (
				53BC6C672DA19E4E0074FBE7 /* Group4Project */,
				53BC6C772DA19E530074FBE7 /* Group4ProjectTests */,
				53BC6C812DA19E530074FBE7 /* Group4ProjectUITests */,
			);
		};
/* End PBXProject section */

/* Begin PBXResourcesBuildPhase section */
		53BC6C662DA19E4E0074FBE7 /* Resources */ = {
			isa = PBXResourcesBuildPhase;
			buildActionMask = 2147483647;
			files = (
			);
			runOnlyForDeploymentPostprocessing = 0;
		};
		53BC6C762DA19E530074FBE7 /* Resources */ = {
			isa = PBXResourcesBuildPhase;
			buildActionMask = 2147483647;
			files = (
			);
			runOnlyForDeploymentPostprocessing = 0;
		};
		53BC6C802DA19E530074FBE7 /* Resources */ = {
			isa = PBXResourcesBuildPhase;
			buildActionMask = 2147483647;
			files = (
			);
			runOnlyForDeploymentPostprocessing = 0;
		};
/* End PBXResourcesBuildPhase section */

/* Begin PBXSourcesBuildPhase section */
		53BC6C642DA19E4E0074FBE7 /* Sources */ = {
			isa = PBXSourcesBuildPhase;
			buildActionMask = 2147483647;
			files = (
			);
			runOnlyForDeploymentPostprocessing = 0;
		};
		53BC6C742DA19E530074FBE7 /* Sources */ = {
			isa = PBXSourcesBuildPhase;
			buildActionMask = 2147483647;
			files = (
			);
			runOnlyForDeploymentPostprocessing = 0;
		};
		53BC6C7E2DA19E530074FBE7 /* Sources */ = {
			isa = PBXSourcesBuildPhase;
			buildActionMask = 2147483647;
			files = (
			);
			runOnlyForDeploymentPostprocessing = 0;
		};
/* End PBXSourcesBuildPhase section */

/* Begin PBXTargetDependency section */
		53BC6C7A2DA19E530074FBE7 /* PBXTargetDependency */ = {
			isa = PBXTargetDependency;
			target = 53BC6C672DA19E4E0074FBE7 /* Group4Project */;
			targetProxy = 53BC6C792DA19E530074FBE7 /* PBXContainerItemProxy */;
		};
		53BC6C842DA19E530074FBE7 /* PBXTargetDependency */ = {
			isa = PBXTargetDependency;
			target = 53BC6C672DA19E4E0074FBE7 /* Group4Project */;
			targetProxy = 53BC6C832DA19E530074FBE7 /* PBXContainerItemProxy */;
		};
/* End PBXTargetDependency section */

/* Begin XCBuildConfiguration section */
		53BC6C8A2DA19E530074FBE7 /* Debug */ = {
			isa = XCBuildConfiguration;
			buildSettings = {
				ALWAYS_SEARCH_USER_PATHS = NO;
				ASSETCATALOG_COMPILER_GENERATE_SWIFT_ASSET_SYMBOL_EXTENSIONS = YES;
				CLANG_ANALYZER_NONNULL = YES;
				CLANG_ANALYZER_NUMBER_OBJECT_CONVERSION = YES_AGGRESSIVE;
				CLANG_CXX_LANGUAGE_STANDARD = "gnu++20";
				CLANG_ENABLE_MODULES = YES;
				CLANG_ENABLE_OBJC_ARC = YES;
				CLANG_ENABLE_OBJC_WEAK = YES;
				CLANG_WARN_BLOCK_CAPTURE_AUTORELEASING = YES;
				CLANG_WARN_BOOL_CONVERSION = YES;
				CLANG_WARN_COMMA = YES;
				CLANG_WARN_CONSTANT_CONVERSION = YES;
				CLANG_WARN_DEPRECATED_OBJC_IMPLEMENTATIONS = YES;
				CLANG_WARN_DIRECT_OBJC_ISA_USAGE = YES_ERROR;
				CLANG_WARN_DOCUMENTATION_COMMENTS = YES;
				CLANG_WARN_EMPTY_BODY = YES;
				CLANG_WARN_ENUM_CONVERSION = YES;
				CLANG_WARN_INFINITE_RECURSION = YES;
				CLANG_WARN_INT_CONVERSION = YES;
				CLANG_WARN_NON_LITERAL_NULL_CONVERSION = YES;
				CLANG_WARN_OBJC_IMPLICIT_RETAIN_SELF = YES;
				CLANG_WARN_OBJC_LITERAL_CONVERSION = YES;
				CLANG_WARN_OBJC_ROOT_CLASS = YES_ERROR;
				CLANG_WARN_QUOTED_INCLUDE_IN_FRAMEWORK_HEADER = YES;
				CLANG_WARN_RANGE_LOOP_ANALYSIS = YES;
				CLANG_WARN_STRICT_PROTOTYPES = YES;
				CLANG_WARN_SUSPICIOUS_MOVE = YES;
				CLANG_WARN_UNGUARDED_AVAILABILITY = YES_AGGRESSIVE;
				CLANG_WARN_UNREACHABLE_CODE = YES;
				CLANG_WARN__DUPLICATE_METHOD_MATCH = YES;
				COPY_PHASE_STRIP = NO;
				DEBUG_INFORMATION_FORMAT = dwarf;
				ENABLE_STRICT_OBJC_MSGSEND = YES;
				ENABLE_TESTABILITY = YES;
				ENABLE_USER_SCRIPT_SANDBOXING = YES;
				GCC_C_LANGUAGE_STANDARD = gnu17;
				GCC_DYNAMIC_NO_PIC = NO;
				GCC_NO_COMMON_BLOCKS = YES;
				GCC_OPTIMIZATION_LEVEL = 0;
				GCC_PREPROCESSOR_DEFINITIONS = (
					"DEBUG=1",
					"$(inherited)",
				);
				GCC_WARN_64_TO_32_BIT_CONVERSION = YES;
				GCC_WARN_ABOUT_RETURN_TYPE = YES_ERROR;
				GCC_WARN_UNDECLARED_SELECTOR = YES;
				GCC_WARN_UNINITIALIZED_AUTOS = YES_AGGRESSIVE;
				GCC_WARN_UNUSED_FUNCTION = YES;
				GCC_WARN_UNUSED_VARIABLE = YES;
				IPHONEOS_DEPLOYMENT_TARGET = 18.2;
				LOCALIZATION_PREFERS_STRING_CATALOGS = YES;
				MTL_ENABLE_DEBUG_INFO = INCLUDE_SOURCE;
				MTL_FAST_MATH = YES;
				ONLY_ACTIVE_ARCH = YES;
				SDKROOT = iphoneos;
				SWIFT_ACTIVE_COMPILATION_CONDITIONS = "DEBUG $(inherited)";
				SWIFT_OPTIMIZATION_LEVEL = "-Onone";
			};
			name = Debug;
		};
		53BC6C8B2DA19E530074FBE7 /* Release */ = {
			isa = XCBuildConfiguration;
			buildSettings = {
				ALWAYS_SEARCH_USER_PATHS = NO;
				ASSETCATALOG_COMPILER_GENERATE_SWIFT_ASSET_SYMBOL_EXTENSIONS = YES;
				CLANG_ANALYZER_NONNULL = YES;
				CLANG_ANALYZER_NUMBER_OBJECT_CONVERSION = YES_AGGRESSIVE;
				CLANG_CXX_LANGUAGE_STANDARD = "gnu++20";
				CLANG_ENABLE_MODULES = YES;
				CLANG_ENABLE_OBJC_ARC = YES;
				CLANG_ENABLE_OBJC_WEAK = YES;
				CLANG_WARN_BLOCK_CAPTURE_AUTORELEASING = YES;
				CLANG_WARN_BOOL_CONVERSION = YES;
				CLANG_WARN_COMMA = YES;
				CLANG_WARN_CONSTANT_CONVERSION = YES;
				CLANG_WARN_DEPRECATED_OBJC_IMPLEMENTATIONS = YES;
				CLANG_WARN_DIRECT_OBJC_ISA_USAGE = YES_ERROR;
				CLANG_WARN_DOCUMENTATION_COMMENTS = YES;
				CLANG_WARN_EMPTY_BODY = YES;
				CLANG_WARN_ENUM_CONVERSION = YES;
				CLANG_WARN_INFINITE_RECURSION = YES;
				CLANG_WARN_INT_CONVERSION = YES;
				CLANG_WARN_NON_LITERAL_NULL_CONVERSION = YES;
				CLANG_WARN_OBJC_IMPLICIT_RETAIN_SELF = YES;
				CLANG_WARN_OBJC_LITERAL_CONVERSION = YES;
				CLANG_WARN_OBJC_ROOT_CLASS = YES_ERROR;
				CLANG_WARN_QUOTED_INCLUDE_IN_FRAMEWORK_HEADER = YES;
				CLANG_WARN_RANGE_LOOP_ANALYSIS = YES;
				CLANG_WARN_STRICT_PROTOTYPES = YES;
				CLANG_WARN_SUSPICIOUS_MOVE = YES;
				CLANG_WARN_UNGUARDED_AVAILABILITY = YES_AGGRESSIVE;
				CLANG_WARN_UNREACHABLE_CODE = YES;
				CLANG_WARN__DUPLICATE_METHOD_MATCH = YES;
				COPY_PHASE_STRIP = NO;
				DEBUG_INFORMATION_FORMAT = "dwarf-with-dsym";
				ENABLE_NS_ASSERTIONS = NO;
				ENABLE_STRICT_OBJC_MSGSEND = YES;
				ENABLE_USER_SCRIPT_SANDBOXING = YES;
				GCC_C_LANGUAGE_STANDARD = gnu17;
				GCC_NO_COMMON_BLOCKS = YES;
				GCC_WARN_64_TO_32_BIT_CONVERSION = YES;
				GCC_WARN_ABOUT_RETURN_TYPE = YES_ERROR;
				GCC_WARN_UNDECLARED_SELECTOR = YES;
				GCC_WARN_UNINITIALIZED_AUTOS = YES_AGGRESSIVE;
				GCC_WARN_UNUSED_FUNCTION = YES;
				GCC_WARN_UNUSED_VARIABLE = YES;
				IPHONEOS_DEPLOYMENT_TARGET = 18.2;
				LOCALIZATION_PREFERS_STRING_CATALOGS = YES;
				MTL_ENABLE_DEBUG_INFO = NO;
				MTL_FAST_MATH = YES;
				SDKROOT = iphoneos;
				SWIFT_COMPILATION_MODE = wholemodule;
				VALIDATE_PRODUCT = YES;
			};
			name = Release;
		};
		53BC6C8D2DA19E530074FBE7 /* Debug */ = {
			isa = XCBuildConfiguration;
			buildSettings = {
				ASSETCATALOG_COMPILER_APPICON_NAME = AppIcon;
				ASSETCATALOG_COMPILER_GLOBAL_ACCENT_COLOR_NAME = AccentColor;
				CODE_SIGN_STYLE = Automatic;
				CURRENT_PROJECT_VERSION = 1;
				DEVELOPMENT_ASSET_PATHS = "\"Group4Project/Preview Content\"";
				ENABLE_PREVIEWS = YES;
				GENERATE_INFOPLIST_FILE = YES;
				INFOPLIST_KEY_UIApplicationSceneManifest_Generation = YES;
				INFOPLIST_KEY_UIApplicationSupportsIndirectInputEvents = YES;
				INFOPLIST_KEY_UILaunchScreen_Generation = YES;
				INFOPLIST_KEY_UISupportedInterfaceOrientations_iPad = "UIInterfaceOrientationPortrait UIInterfaceOrientationPortraitUpsideDown UIInterfaceOrientationLandscapeLeft UIInterfaceOrientationLandscapeRight";
				INFOPLIST_KEY_UISupportedInterfaceOrientations_iPhone = "UIInterfaceOrientationPortrait UIInterfaceOrientationLandscapeLeft UIInterfaceOrientationLandscapeRight";
				LD_RUNPATH_SEARCH_PATHS = (
					"$(inherited)",
					"@executable_path/Frameworks",
				);
				MARKETING_VERSION = 1.0;
				PRODUCT_BUNDLE_IDENTIFIER = groupFour.Group4Project;
				PRODUCT_NAME = "$(TARGET_NAME)";
				SWIFT_EMIT_LOC_STRINGS = YES;
				SWIFT_VERSION = 5.0;
				TARGETED_DEVICE_FAMILY = "1,2";
			};
			name = Debug;
		};
		53BC6C8E2DA19E530074FBE7 /* Release */ = {
			isa = XCBuildConfiguration;
			buildSettings = {
				ASSETCATALOG_COMPILER_APPICON_NAME = AppIcon;
				ASSETCATALOG_COMPILER_GLOBAL_ACCENT_COLOR_NAME = AccentColor;
				CODE_SIGN_STYLE = Automatic;
				CURRENT_PROJECT_VERSION = 1;
				DEVELOPMENT_ASSET_PATHS = "\"Group4Project/Preview Content\"";
				ENABLE_PREVIEWS = YES;
				GENERATE_INFOPLIST_FILE = YES;
				INFOPLIST_KEY_UIApplicationSceneManifest_Generation = YES;
				INFOPLIST_KEY_UIApplicationSupportsIndirectInputEvents = YES;
				INFOPLIST_KEY_UILaunchScreen_Generation = YES;
				INFOPLIST_KEY_UISupportedInterfaceOrientations_iPad = "UIInterfaceOrientationPortrait UIInterfaceOrientationPortraitUpsideDown UIInterfaceOrientationLandscapeLeft UIInterfaceOrientationLandscapeRight";
				INFOPLIST_KEY_UISupportedInterfaceOrientations_iPhone = "UIInterfaceOrientationPortrait UIInterfaceOrientationLandscapeLeft UIInterfaceOrientationLandscapeRight";
				LD_RUNPATH_SEARCH_PATHS = (
					"$(inherited)",
					"@executable_path/Frameworks",
				);
				MARKETING_VERSION = 1.0;
				PRODUCT_BUNDLE_IDENTIFIER = groupFour.Group4Project;
				PRODUCT_NAME = "$(TARGET_NAME)";
				SWIFT_EMIT_LOC_STRINGS = YES;
				SWIFT_VERSION = 5.0;
				TARGETED_DEVICE_FAMILY = "1,2";
			};
			name = Release;
		};
		53BC6C902DA19E530074FBE7 /* Debug */ = {
			isa = XCBuildConfiguration;
			buildSettings = {
				BUNDLE_LOADER = "$(TEST_HOST)";
				CODE_SIGN_STYLE = Automatic;
				CURRENT_PROJECT_VERSION = 1;
				GENERATE_INFOPLIST_FILE = YES;
				IPHONEOS_DEPLOYMENT_TARGET = 18.2;
				MARKETING_VERSION = 1.0;
				PRODUCT_BUNDLE_IDENTIFIER = groupFour.Group4ProjectTests;
				PRODUCT_NAME = "$(TARGET_NAME)";
				SWIFT_EMIT_LOC_STRINGS = NO;
				SWIFT_VERSION = 5.0;
				TARGETED_DEVICE_FAMILY = "1,2";
				TEST_HOST = "$(BUILT_PRODUCTS_DIR)/Group4Project.app/$(BUNDLE_EXECUTABLE_FOLDER_PATH)/Group4Project";
			};
			name = Debug;
		};
		53BC6C912DA19E530074FBE7 /* Release */ = {
			isa = XCBuildConfiguration;
			buildSettings = {
				BUNDLE_LOADER = "$(TEST_HOST)";
				CODE_SIGN_STYLE = Automatic;
				CURRENT_PROJECT_VERSION = 1;
				GENERATE_INFOPLIST_FILE = YES;
				IPHONEOS_DEPLOYMENT_TARGET = 18.2;
				MARKETING_VERSION = 1.0;
				PRODUCT_BUNDLE_IDENTIFIER = groupFour.Group4ProjectTests;
				PRODUCT_NAME = "$(TARGET_NAME)";
				SWIFT_EMIT_LOC_STRINGS = NO;
				SWIFT_VERSION = 5.0;
				TARGETED_DEVICE_FAMILY = "1,2";
				TEST_HOST = "$(BUILT_PRODUCTS_DIR)/Group4Project.app/$(BUNDLE_EXECUTABLE_FOLDER_PATH)/Group4Project";
			};
			name = Release;
		};
		53BC6C932DA19E530074FBE7 /* Debug */ = {
			isa = XCBuildConfiguration;
			buildSettings = {
				CODE_SIGN_STYLE = Automatic;
				CURRENT_PROJECT_VERSION = 1;
				GENERATE_INFOPLIST_FILE = YES;
				MARKETING_VERSION = 1.0;
				PRODUCT_BUNDLE_IDENTIFIER = groupFour.Group4ProjectUITests;
				PRODUCT_NAME = "$(TARGET_NAME)";
				SWIFT_EMIT_LOC_STRINGS = NO;
				SWIFT_VERSION = 5.0;
				TARGETED_DEVICE_FAMILY = "1,2";
				TEST_TARGET_NAME = Group4Project;
			};
			name = Debug;
		};
		53BC6C942DA19E530074FBE7 /* Release */ = {
			isa = XCBuildConfiguration;
			buildSettings = {
				CODE_SIGN_STYLE = Automatic;
				CURRENT_PROJECT_VERSION = 1;
				GENERATE_INFOPLIST_FILE = YES;
				MARKETING_VERSION = 1.0;
				PRODUCT_BUNDLE_IDENTIFIER = groupFour.Group4ProjectUITests;
				PRODUCT_NAME = "$(TARGET_NAME)";
				SWIFT_EMIT_LOC_STRINGS = NO;
				SWIFT_VERSION = 5.0;
				TARGETED_DEVICE_FAMILY = "1,2";
				TEST_TARGET_NAME = Group4Project;
			};
			name = Release;
		};
/* End XCBuildConfiguration section */

/* Begin XCConfigurationList section */
		53BC6C632DA19E4E0074FBE7 /* Build configuration list for PBXProject "Group4Project" */ = {
			isa = XCConfigurationList;
			buildConfigurations = (
				53BC6C8A2DA19E530074FBE7 /* Debug */,
				53BC6C8B2DA19E530074FBE7 /* Release */,
			);
			defaultConfigurationIsVisible = 0;
			defaultConfigurationName = Release;
		};
		53BC6C8C2DA19E530074FBE7 /* Build configuration list for PBXNativeTarget "Group4Project" */ = {
			isa = XCConfigurationList;
			buildConfigurations = (
				53BC6C8D2DA19E530074FBE7 /* Debug */,
				53BC6C8E2DA19E530074FBE7 /* Release */,
			);
			defaultConfigurationIsVisible = 0;
			defaultConfigurationName = Release;
		};
		53BC6C8F2DA19E530074FBE7 /* Build configuration list for PBXNativeTarget "Group4ProjectTests" */ = {
			isa = XCConfigurationList;
			buildConfigurations = (
				53BC6C902DA19E530074FBE7 /* Debug */,
				53BC6C912DA19E530074FBE7 /* Release */,
			);
			defaultConfigurationIsVisible = 0;
			defaultConfigurationName = Release;
		};
		53BC6C922DA19E530074FBE7 /* Build configuration list for PBXNativeTarget "Group4ProjectUITests" */ = {
			isa = XCConfigurationList;
			buildConfigurations = (
				53BC6C932DA19E530074FBE7 /* Debug */,
				53BC6C942DA19E530074FBE7 /* Release */,
			);
			defaultConfigurationIsVisible = 0;
			defaultConfigurationName = Release;
		};
/* End XCConfigurationList section */

/* Begin XCRemoteSwiftPackageReference section */
		53F435642DB9693A006D9403 /* XCRemoteSwiftPackageReference "plaid-link-ios-spm" */ = {
			isa = XCRemoteSwiftPackageReference;
			repositoryURL = "https://github.com/plaid/plaid-link-ios-spm.git";
			requirement = {
				kind = upToNextMajorVersion;
				minimumVersion = 6.0.4;
			};
		};
/* End XCRemoteSwiftPackageReference section */

/* Begin XCSwiftPackageProductDependency section */
		53F435652DB9693A006D9403 /* LinkKit */ = {
			isa = XCSwiftPackageProductDependency;
			package = 53F435642DB9693A006D9403 /* XCRemoteSwiftPackageReference "plaid-link-ios-spm" */;
			productName = LinkKit;
		};
/* End XCSwiftPackageProductDependency section */
	};
	rootObject = 53BC6C602DA19E4E0074FBE7 /* Project object */;
}
